
Microsoft Visual Studio Solution File, Format Version 12.00
# Visual Studio Version 17
VisualStudioVersion = 17.5.33414.496
MinimumVisualStudioVersion = 10.0.40219.1
Project("{FAE04EC0-301F-11D3-BF4B-00C04F79EFBC}") = "SampleAppToTestGitHubActions", "SampleAppToTestGitHubActions\SampleAppToTestGitHubActions.csproj", "{339250B5-117B-4B95-94E2-94E0CCF77AFB}"
EndProject
Global
	GlobalSection(SolutionConfigurationPlatforms) = preSolution
		Debug|Any CPU = Debug|Any CPU
		Release|Any CPU = Release|Any CPU
	EndGlobalSection
	GlobalSection(ProjectConfigurationPlatforms) = postSolution
		{339250B5-117B-4B95-94E2-94E0CCF77AFB}.Debug|Any CPU.ActiveCfg = Debug|Any CPU
		{339250B5-117B-4B95-94E2-94E0CCF77AFB}.Debug|Any CPU.Build.0 = Debug|Any CPU
		{339250B5-117B-4B95-94E2-94E0CCF77AFB}.Release|Any CPU.ActiveCfg = Release|Any CPU
		{339250B5-117B-4B95-94E2-94E0CCF77AFB}.Release|Any CPU.Build.0 = Release|Any CPU
	EndGlobalSection
	GlobalSection(SolutionProperties) = preSolution
		HideSolutionNode = FALSE
	EndGlobalSection
	GlobalSection(ExtensibilityGlobals) = postSolution
		SolutionGuid = {C5458FAC-1D19-448D-B6D4-350021911878}
	EndGlobalSection
EndGlobal
